
Microsoft Visual Studio Solution File, Format Version 12.00
# Visual Studio 15
VisualStudioVersion = 15.0.27428.2002
MinimumVisualStudioVersion = 10.0.40219.1
Project("{FAE04EC0-301F-11D3-BF4B-00C04F79EFBC}") = "OnboardingExperience", "OnboardingExperience\OnboardingExperience.csproj", "{C2366D0C-7653-4D21-A904-EAFFBD08018C}"
EndProject
Global
	GlobalSection(SolutionConfigurationPlatforms) = preSolution
		Debug|Any CPU = Debug|Any CPU
		Release|Any CPU = Release|Any CPU
	EndGlobalSection
	GlobalSection(ProjectConfigurationPlatforms) = postSolution
		{C2366D0C-7653-4D21-A904-EAFFBD08018C}.Debug|Any CPU.ActiveCfg = Debug|Any CPU
		{C2366D0C-7653-4D21-A904-EAFFBD08018C}.Debug|Any CPU.Build.0 = Debug|Any CPU
		{C2366D0C-7653-4D21-A904-EAFFBD08018C}.Release|Any CPU.ActiveCfg = Release|Any CPU
		{C2366D0C-7653-4D21-A904-EAFFBD08018C}.Release|Any CPU.Build.0 = Release|Any CPU
	EndGlobalSection
	GlobalSection(SolutionProperties) = preSolution
		HideSolutionNode = FALSE
	EndGlobalSection
	GlobalSection(ExtensibilityGlobals) = postSolution
		SolutionGuid = {E9D9548E-ABCE-41A6-89CE-EB3E022BB7D4}
	EndGlobalSection
EndGlobal
